
Microsoft Visual Studio Solution File, Format Version 12.00
# Visual Studio Version 16
VisualStudioVersion = 16.0.31205.134
MinimumVisualStudioVersion = 10.0.40219.1
Project("{FAE04EC0-301F-11D3-BF4B-00C04F79EFBC}") = "StudyObserverPattern", "StudyObserverPattern\StudyObserverPattern.csproj", "{94BDCA0F-40ED-479F-B181-AA347290A7EE}"
EndProject
Global
	GlobalSection(SolutionConfigurationPlatforms) = preSolution
		Debug|Any CPU = Debug|Any CPU
		Release|Any CPU = Release|Any CPU
	EndGlobalSection
	GlobalSection(ProjectConfigurationPlatforms) = postSolution
		{94BDCA0F-40ED-479F-B181-AA347290A7EE}.Debug|Any CPU.ActiveCfg = Debug|Any CPU
		{94BDCA0F-40ED-479F-B181-AA347290A7EE}.Debug|Any CPU.Build.0 = Debug|Any CPU
		{94BDCA0F-40ED-479F-B181-AA347290A7EE}.Release|Any CPU.ActiveCfg = Release|Any CPU
		{94BDCA0F-40ED-479F-B181-AA347290A7EE}.Release|Any CPU.Build.0 = Release|Any CPU
	EndGlobalSection
	GlobalSection(SolutionProperties) = preSolution
		HideSolutionNode = FALSE
	EndGlobalSection
	GlobalSection(ExtensibilityGlobals) = postSolution
		SolutionGuid = {4FD5CA00-F88F-457A-8181-F8D6E814AE27}
	EndGlobalSection
EndGlobal
