
Microsoft Visual Studio Solution File, Format Version 12.00
# Visual Studio Version 16
VisualStudioVersion = 16.0.31205.134
MinimumVisualStudioVersion = 10.0.40219.1
Project("{FAE04EC0-301F-11D3-BF4B-00C04F79EFBC}") = "Delegate_and_lamda", "Delegate_and_lamda\Delegate_and_lamda.csproj", "{E6D41CAC-504C-4EE0-91CC-6CB280C35D43}"
EndProject
Project("{FAE04EC0-301F-11D3-BF4B-00C04F79EFBC}") = "WriteLogFile", "WriteLogFile\WriteLogFile.csproj", "{CEC9E707-5AB2-4DC4-BC2D-C6E5F866DCAF}"
EndProject
Global
	GlobalSection(SolutionConfigurationPlatforms) = preSolution
		Debug|Any CPU = Debug|Any CPU
		Release|Any CPU = Release|Any CPU
	EndGlobalSection
	GlobalSection(ProjectConfigurationPlatforms) = postSolution
		{E6D41CAC-504C-4EE0-91CC-6CB280C35D43}.Debug|Any CPU.ActiveCfg = Debug|Any CPU
		{E6D41CAC-504C-4EE0-91CC-6CB280C35D43}.Debug|Any CPU.Build.0 = Debug|Any CPU
		{E6D41CAC-504C-4EE0-91CC-6CB280C35D43}.Release|Any CPU.ActiveCfg = Release|Any CPU
		{E6D41CAC-504C-4EE0-91CC-6CB280C35D43}.Release|Any CPU.Build.0 = Release|Any CPU
		{CEC9E707-5AB2-4DC4-BC2D-C6E5F866DCAF}.Debug|Any CPU.ActiveCfg = Debug|Any CPU
		{CEC9E707-5AB2-4DC4-BC2D-C6E5F866DCAF}.Debug|Any CPU.Build.0 = Debug|Any CPU
		{CEC9E707-5AB2-4DC4-BC2D-C6E5F866DCAF}.Release|Any CPU.ActiveCfg = Release|Any CPU
		{CEC9E707-5AB2-4DC4-BC2D-C6E5F866DCAF}.Release|Any CPU.Build.0 = Release|Any CPU
	EndGlobalSection
	GlobalSection(SolutionProperties) = preSolution
		HideSolutionNode = FALSE
	EndGlobalSection
	GlobalSection(ExtensibilityGlobals) = postSolution
		SolutionGuid = {8C81840F-478D-46ED-81A0-37B0D1B77EAD}
	EndGlobalSection
EndGlobal
